{
  "name": "Angular Project",
  "lockfileVersion": 3,
  "requires": true,
  "packages": {
    "": {
      "dependencies": {
        "@aspnet/signalr": "^1.0.27",
        "jquery": "^3.7.1",
        "ngx-toastr": "^19.0.0",
        "toastr": "^2.1.4"
      }
    },
    "node_modules/@aspnet/signalr": {
      "version": "1.0.27",
      "resolved": "https://registry.npmjs.org/@aspnet/signalr/-/signalr-1.0.27.tgz",
      "integrity": "sha512-utZvBF9snjdwIBpvcFa6htqFTVaTN50QIZUoiznKpYSZImew1a1Ci7VYmK8HODqwRqUtj0o5/xR1nzt8xex5sA==",
      "deprecated": "This package is no longer supported. Consider using @microsoft/signalr."
    },
    "node_modules/jquery": {
      "version": "3.7.1",
      "resolved": "https://registry.npmjs.org/jquery/-/jquery-3.7.1.tgz",
      "integrity": "sha512-m4avr8yL8kmFN8psrbFFFmB/If14iN5o9nw/NgnnM+kybDJpRsAynV2BsfpTYrTRysYUdADVD7CkUUizgkpLfg=="
    },
    "node_modules/ngx-toastr": {
      "version": "19.0.0",
      "resolved": "https://registry.npmjs.org/ngx-toastr/-/ngx-toastr-19.0.0.tgz",
      "integrity": "sha512-6pTnktwwWD+kx342wuMOWB4+bkyX9221pAgGz3SHOJH0/MI9erLucS8PeeJDFwbUYyh75nQ6AzVtolgHxi52dQ==",
      "dependencies": {
        "tslib": "^2.3.0"
      },
      "peerDependencies": {
        "@angular/common": ">=16.0.0-0",
        "@angular/core": ">=16.0.0-0",
        "@angular/platform-browser": ">=16.0.0-0"
      }
    },
    "node_modules/toastr": {
      "version": "2.1.4",
      "resolved": "https://registry.npmjs.org/toastr/-/toastr-2.1.4.tgz",
      "integrity": "sha512-LIy77F5n+sz4tefMmFOntcJ6HL0Fv3k1TDnNmFZ0bU/GcvIIfy6eG2v7zQmMiYgaalAiUv75ttFrPn5s0gyqlA==",
      "dependencies": {
        "jquery": ">=1.12.0"
      }
    },
    "node_modules/tslib": {
      "version": "2.6.3",
      "resolved": "https://registry.npmjs.org/tslib/-/tslib-2.6.3.tgz",
      "integrity": "sha512-xNvxJEOUiWPGhUuUdQgAJPKOOJfGnIyKySOc09XkKsgdUV/3E2zvwZYdejjmRgPCgcym1juLH3226yA7sEFJKQ=="
    }
  }
}
